
Microsoft Visual Studio Solution File, Format Version 12.00
# Visual Studio 15
VisualStudioVersion = 15.0.27004.2008
MinimumVisualStudioVersion = 10.0.40219.1
Project("{FAE04EC0-301F-11D3-BF4B-00C04F79EFBC}") = "GoPiGoControlCenter", "GoPiGoControlCenter\GoPiGoControlCenter.csproj", "{0D1B664C-4831-458C-9688-5035D34ED310}"
EndProject
Project("{FAE04EC0-301F-11D3-BF4B-00C04F79EFBC}") = "GoPiGoControlCenter.Tests", "GoPiGoControlCenter.Tests\GoPiGoControlCenter.Tests.csproj", "{9C5703B0-8AB9-4A49-BC20-0FA83A6FF37C}"
EndProject
Global
	GlobalSection(SolutionConfigurationPlatforms) = preSolution
		Debug|Any CPU = Debug|Any CPU
		Release|Any CPU = Release|Any CPU
	EndGlobalSection
	GlobalSection(ProjectConfigurationPlatforms) = postSolution
		{0D1B664C-4831-458C-9688-5035D34ED310}.Debug|Any CPU.ActiveCfg = Debug|Any CPU
		{0D1B664C-4831-458C-9688-5035D34ED310}.Debug|Any CPU.Build.0 = Debug|Any CPU
		{0D1B664C-4831-458C-9688-5035D34ED310}.Release|Any CPU.ActiveCfg = Release|Any CPU
		{0D1B664C-4831-458C-9688-5035D34ED310}.Release|Any CPU.Build.0 = Release|Any CPU
		{9C5703B0-8AB9-4A49-BC20-0FA83A6FF37C}.Debug|Any CPU.ActiveCfg = Debug|Any CPU
		{9C5703B0-8AB9-4A49-BC20-0FA83A6FF37C}.Debug|Any CPU.Build.0 = Debug|Any CPU
		{9C5703B0-8AB9-4A49-BC20-0FA83A6FF37C}.Release|Any CPU.ActiveCfg = Release|Any CPU
		{9C5703B0-8AB9-4A49-BC20-0FA83A6FF37C}.Release|Any CPU.Build.0 = Release|Any CPU
	EndGlobalSection
	GlobalSection(SolutionProperties) = preSolution
		HideSolutionNode = FALSE
	EndGlobalSection
	GlobalSection(ExtensibilityGlobals) = postSolution
		SolutionGuid = {35143AB4-6602-4687-9D0C-02D676F22324}
	EndGlobalSection
EndGlobal
